
Microsoft Visual Studio Solution File, Format Version 12.00
# Visual Studio Version 16
VisualStudioVersion = 16.0.30804.86
MinimumVisualStudioVersion = 10.0.40219.1
Project("{9A19103F-16F7-4668-BE54-9A1E7A4F7556}") = "ProcessarRecebiveis", "ProcessarRecebiveis\ProcessarRecebiveis.csproj", "{DA5A2F03-03A5-4358-9C4E-E4D13F9A506C}"
EndProject
Project("{FAE04EC0-301F-11D3-BF4B-00C04F79EFBC}") = "ProcessarRecebiveis.Tests", "ProcessarRecebiveis.Tests\ProcessarRecebiveis.Tests.csproj", "{EA6F15F3-3C86-47D6-83B7-F08371D4B4D4}"
EndProject
Global
	GlobalSection(SolutionConfigurationPlatforms) = preSolution
		Debug|Any CPU = Debug|Any CPU
		Release|Any CPU = Release|Any CPU
	EndGlobalSection
	GlobalSection(ProjectConfigurationPlatforms) = postSolution
		{DA5A2F03-03A5-4358-9C4E-E4D13F9A506C}.Debug|Any CPU.ActiveCfg = Debug|Any CPU
		{DA5A2F03-03A5-4358-9C4E-E4D13F9A506C}.Debug|Any CPU.Build.0 = Debug|Any CPU
		{DA5A2F03-03A5-4358-9C4E-E4D13F9A506C}.Release|Any CPU.ActiveCfg = Release|Any CPU
		{DA5A2F03-03A5-4358-9C4E-E4D13F9A506C}.Release|Any CPU.Build.0 = Release|Any CPU
		{EA6F15F3-3C86-47D6-83B7-F08371D4B4D4}.Debug|Any CPU.ActiveCfg = Debug|Any CPU
		{EA6F15F3-3C86-47D6-83B7-F08371D4B4D4}.Debug|Any CPU.Build.0 = Debug|Any CPU
		{EA6F15F3-3C86-47D6-83B7-F08371D4B4D4}.Release|Any CPU.ActiveCfg = Release|Any CPU
		{EA6F15F3-3C86-47D6-83B7-F08371D4B4D4}.Release|Any CPU.Build.0 = Release|Any CPU
	EndGlobalSection
	GlobalSection(SolutionProperties) = preSolution
		HideSolutionNode = FALSE
	EndGlobalSection
	GlobalSection(ExtensibilityGlobals) = postSolution
		SolutionGuid = {6F01F41E-0BA8-4363-BEF4-24051053968A}
	EndGlobalSection
EndGlobal
